
Microsoft Visual Studio Solution File, Format Version 12.00
# Visual Studio 15
VisualStudioVersion = 15.0.27004.2005
MinimumVisualStudioVersion = 10.0.40219.1
Project("{8BC9CEB8-8B4A-11D0-8D11-00A0C91BC942}") = "IWant2GoDSM", "IWant2GoDSM\IWant2GoDSM.vcxproj", "{3AF13633-6FDE-4600-8EF9-59ED0D7B2C6A}"
EndProject
Global
	GlobalSection(SolutionConfigurationPlatforms) = preSolution
		Debug|x64 = Debug|x64
		Debug|x86 = Debug|x86
		Release|x64 = Release|x64
		Release|x86 = Release|x86
	EndGlobalSection
	GlobalSection(ProjectConfigurationPlatforms) = postSolution
		{3AF13633-6FDE-4600-8EF9-59ED0D7B2C6A}.Debug|x64.ActiveCfg = Debug|x64
		{3AF13633-6FDE-4600-8EF9-59ED0D7B2C6A}.Debug|x64.Build.0 = Debug|x64
		{3AF13633-6FDE-4600-8EF9-59ED0D7B2C6A}.Debug|x86.ActiveCfg = Debug|Win32
		{3AF13633-6FDE-4600-8EF9-59ED0D7B2C6A}.Debug|x86.Build.0 = Debug|Win32
		{3AF13633-6FDE-4600-8EF9-59ED0D7B2C6A}.Release|x64.ActiveCfg = Release|x64
		{3AF13633-6FDE-4600-8EF9-59ED0D7B2C6A}.Release|x64.Build.0 = Release|x64
		{3AF13633-6FDE-4600-8EF9-59ED0D7B2C6A}.Release|x86.ActiveCfg = Release|Win32
		{3AF13633-6FDE-4600-8EF9-59ED0D7B2C6A}.Release|x86.Build.0 = Release|Win32
	EndGlobalSection
	GlobalSection(SolutionProperties) = preSolution
		HideSolutionNode = FALSE
	EndGlobalSection
	GlobalSection(ExtensibilityGlobals) = postSolution
		SolutionGuid = {C9DF6086-36E4-4E10-846B-E1CA0C76EE27}
	EndGlobalSection
EndGlobal
